
Microsoft Visual Studio Solution File, Format Version 12.00
# Visual Studio Version 17
VisualStudioVersion = 17.4.33213.308
MinimumVisualStudioVersion = 10.0.40219.1
Project("{FAE04EC0-301F-11D3-BF4B-00C04F79EFBC}") = "Az.Storage", "Az.Storage.csproj", "{135D9103-4B60-4C82-8FC7-812DC402BD84}"
EndProject
Global
	GlobalSection(SolutionConfigurationPlatforms) = preSolution
		Debug|Any CPU = Debug|Any CPU
		Release|Any CPU = Release|Any CPU
	EndGlobalSection
	GlobalSection(ProjectConfigurationPlatforms) = postSolution
		{135D9103-4B60-4C82-8FC7-812DC402BD84}.Debug|Any CPU.ActiveCfg = Debug|Any CPU
		{135D9103-4B60-4C82-8FC7-812DC402BD84}.Debug|Any CPU.Build.0 = Debug|Any CPU
		{135D9103-4B60-4C82-8FC7-812DC402BD84}.Release|Any CPU.ActiveCfg = Release|Any CPU
		{135D9103-4B60-4C82-8FC7-812DC402BD84}.Release|Any CPU.Build.0 = Release|Any CPU
	EndGlobalSection
	GlobalSection(SolutionProperties) = preSolution
		HideSolutionNode = FALSE
	EndGlobalSection
	GlobalSection(ExtensibilityGlobals) = postSolution
		SolutionGuid = {DD1A527C-5F47-44BC-907D-05A3E89623AB}
	EndGlobalSection
EndGlobal
